
Microsoft Visual Studio Solution File, Format Version 12.00
# Visual Studio Version 16
VisualStudioVersion = 16.0.810.16
MinimumVisualStudioVersion = 10.0.40219.1
Project("{FAE04EC0-301F-11D3-BF4B-00C04F79EFBC}") = "KinoProject", "KinoProject.csproj", "{8B8EF7CE-F26C-4C4D-9C77-6D4EB4B7A484}"
EndProject
Global
	GlobalSection(SolutionConfigurationPlatforms) = preSolution
		Debug|Any CPU = Debug|Any CPU
		Release|Any CPU = Release|Any CPU
	EndGlobalSection
	GlobalSection(ProjectConfigurationPlatforms) = postSolution
		{8B8EF7CE-F26C-4C4D-9C77-6D4EB4B7A484}.Debug|Any CPU.ActiveCfg = Debug|Any CPU
		{8B8EF7CE-F26C-4C4D-9C77-6D4EB4B7A484}.Debug|Any CPU.Build.0 = Debug|Any CPU
		{8B8EF7CE-F26C-4C4D-9C77-6D4EB4B7A484}.Release|Any CPU.ActiveCfg = Release|Any CPU
		{8B8EF7CE-F26C-4C4D-9C77-6D4EB4B7A484}.Release|Any CPU.Build.0 = Release|Any CPU
	EndGlobalSection
	GlobalSection(SolutionProperties) = preSolution
		HideSolutionNode = FALSE
	EndGlobalSection
	GlobalSection(ExtensibilityGlobals) = postSolution
		SolutionGuid = {CE37D561-28B4-4D35-9737-B4EA4A3727B0}
	EndGlobalSection
EndGlobal
